
Microsoft Visual Studio Solution File, Format Version 12.00
# Visual Studio 15
VisualStudioVersion = 15.0.27703.2042
MinimumVisualStudioVersion = 10.0.40219.1
Project("{FAE04EC0-301F-11D3-BF4B-00C04F79EFBC}") = "Blog.Web", "Blog.Web\Blog.Web.csproj", "{7EAFFACD-3A13-484C-B1BD-328AE7E80988}"
EndProject
Project("{FAE04EC0-301F-11D3-BF4B-00C04F79EFBC}") = "Blog.DataAccess", "Blog.DataAccess\Blog.DataAccess.csproj", "{EC467841-FACE-4744-8E93-2F5675F76F48}"
EndProject
Project("{FAE04EC0-301F-11D3-BF4B-00C04F79EFBC}") = "Blog.Services", "Blog.Services\Blog.Services.csproj", "{73312A0D-2608-463F-B0EB-37D5313B94BF}"
EndProject
Project("{FAE04EC0-301F-11D3-BF4B-00C04F79EFBC}") = "Blog.Model", "Blog.Model\Blog.Model.csproj", "{9084B024-DA4F-4E80-AB9F-530D3C17212E}"
EndProject
Project("{FAE04EC0-301F-11D3-BF4B-00C04F79EFBC}") = "Blog.Common", "Blog.Common\Blog.Common.csproj", "{A0E3F7D6-A878-4B54-8BBA-68585C42500D}"
EndProject
Global
	GlobalSection(SolutionConfigurationPlatforms) = preSolution
		Debug|Any CPU = Debug|Any CPU
		Release|Any CPU = Release|Any CPU
	EndGlobalSection
	GlobalSection(ProjectConfigurationPlatforms) = postSolution
		{7EAFFACD-3A13-484C-B1BD-328AE7E80988}.Debug|Any CPU.ActiveCfg = Debug|Any CPU
		{7EAFFACD-3A13-484C-B1BD-328AE7E80988}.Debug|Any CPU.Build.0 = Debug|Any CPU
		{7EAFFACD-3A13-484C-B1BD-328AE7E80988}.Release|Any CPU.ActiveCfg = Release|Any CPU
		{7EAFFACD-3A13-484C-B1BD-328AE7E80988}.Release|Any CPU.Build.0 = Release|Any CPU
		{EC467841-FACE-4744-8E93-2F5675F76F48}.Debug|Any CPU.ActiveCfg = Debug|Any CPU
		{EC467841-FACE-4744-8E93-2F5675F76F48}.Debug|Any CPU.Build.0 = Debug|Any CPU
		{EC467841-FACE-4744-8E93-2F5675F76F48}.Release|Any CPU.ActiveCfg = Release|Any CPU
		{EC467841-FACE-4744-8E93-2F5675F76F48}.Release|Any CPU.Build.0 = Release|Any CPU
		{73312A0D-2608-463F-B0EB-37D5313B94BF}.Debug|Any CPU.ActiveCfg = Debug|Any CPU
		{73312A0D-2608-463F-B0EB-37D5313B94BF}.Debug|Any CPU.Build.0 = Debug|Any CPU
		{73312A0D-2608-463F-B0EB-37D5313B94BF}.Release|Any CPU.ActiveCfg = Release|Any CPU
		{73312A0D-2608-463F-B0EB-37D5313B94BF}.Release|Any CPU.Build.0 = Release|Any CPU
		{9084B024-DA4F-4E80-AB9F-530D3C17212E}.Debug|Any CPU.ActiveCfg = Debug|Any CPU
		{9084B024-DA4F-4E80-AB9F-530D3C17212E}.Debug|Any CPU.Build.0 = Debug|Any CPU
		{9084B024-DA4F-4E80-AB9F-530D3C17212E}.Release|Any CPU.ActiveCfg = Release|Any CPU
		{9084B024-DA4F-4E80-AB9F-530D3C17212E}.Release|Any CPU.Build.0 = Release|Any CPU
		{A0E3F7D6-A878-4B54-8BBA-68585C42500D}.Debug|Any CPU.ActiveCfg = Debug|Any CPU
		{A0E3F7D6-A878-4B54-8BBA-68585C42500D}.Debug|Any CPU.Build.0 = Debug|Any CPU
		{A0E3F7D6-A878-4B54-8BBA-68585C42500D}.Release|Any CPU.ActiveCfg = Release|Any CPU
		{A0E3F7D6-A878-4B54-8BBA-68585C42500D}.Release|Any CPU.Build.0 = Release|Any CPU
	EndGlobalSection
	GlobalSection(SolutionProperties) = preSolution
		HideSolutionNode = FALSE
	EndGlobalSection
	GlobalSection(ExtensibilityGlobals) = postSolution
		SolutionGuid = {0FDB76F4-B0BC-4563-95D8-8A3D2792179D}
	EndGlobalSection
EndGlobal
